# This file is automatically @generated by Poetry 1.4.2 and should not be changed by hand.

[[package]]
name = "pybind11"
version = "2.10.4"
description = "Seamless operability between C++11 and Python"
category = "main"
optional = false
python-versions = ">=3.6"
files = [
    {file = "pybind11-2.10.4-py3-none-any.whl", hash = "sha256:ec9be0c45061c829648d7e8c98a7d041768b768c934acd15196e0f1943d9a818"},
    {file = "pybind11-2.10.4.tar.gz", hash = "sha256:0bb621d3c45a049aa5923debb87c5c0e2668227905c55ebe8af722608d8ed927"},
]

[package.extras]
global = ["pybind11-global (==2.10.4)"]

[metadata]
lock-version = "2.0"
python-versions = "^3.10"
content-hash = "7491e5994019bd0877b252be2be3549b5bd08bd1ddc6bc719d99e93ff22a29bd"
